{
  "name": "index",
  "version": "1.0.0",
  "lockfileVersion": 2,
  "requires": true,
  "packages": {
    "": {
      "name": "index",
      "version": "1.0.0",
      "license": "ISC",
      "dependencies": {
        "font-awesome": "^4.7.0",
        "jquery": "^3.6.3",
        "jquery-zoom": "^1.7.21",
        "jquery.nice-number": "^2.1.0",
        "sweetalert2": "^11.7.1"
      }
    },
    "node_modules/font-awesome": {
      "version": "4.7.0",
      "resolved": "https://registry.npmjs.org/font-awesome/-/font-awesome-4.7.0.tgz",
      "integrity": "sha512-U6kGnykA/6bFmg1M/oT9EkFeIYv7JlX3bozwQJWiiLz6L0w3F5vBVPxHlwyX/vtNq1ckcpRKOB9f2Qal/VtFpg==",
      "engines": {
        "node": ">=0.10.3"
      }
    },
    "node_modules/jquery": {
      "version": "3.6.3",
      "resolved": "https://registry.npmjs.org/jquery/-/jquery-3.6.3.tgz",
      "integrity": "sha512-bZ5Sy3YzKo9Fyc8wH2iIQK4JImJ6R0GWI9kL1/k7Z91ZBNgkRXE6U0JfHIizZbort8ZunhSI3jw9I6253ahKfg=="
    },
    "node_modules/jquery-zoom": {
      "version": "1.7.21",
      "resolved": "https://registry.npmjs.org/jquery-zoom/-/jquery-zoom-1.7.21.tgz",
      "integrity": "sha512-C3aDEt0c4TkPrOPqIs5VAOwBMgitf1I7jEakO15G3QfxdVEivBvUlkiCjfcGQM+FyXdvshpbiEJKDbEdPz2/pw==",
      "dependencies": {
        "jquery": ">=1.7"
      }
    },
    "node_modules/jquery.nice-number": {
      "version": "2.1.0",
      "resolved": "https://registry.npmjs.org/jquery.nice-number/-/jquery.nice-number-2.1.0.tgz",
      "integrity": "sha512-efHzIvVTMmZXsKubYsQfFFmmGUSCiO52b1bTigYyOzZuN43Kf6SXlnSYklWdotGXaXCEqBDFlnH0Yp94sQhaWw==",
      "dependencies": {
        "jquery": "^3.4.1"
      }
    },
    "node_modules/sweetalert2": {
      "version": "11.7.1",
      "resolved": "https://registry.npmjs.org/sweetalert2/-/sweetalert2-11.7.1.tgz",
      "integrity": "sha512-+1bnkbqBl64FnZmi3g4SzAi4F3pL3S2jF1YQvrysv4GbgizfeFqGkJopxR3FnV/eJm6w2SQ2oAmCxSIBjgP/ag==",
      "funding": {
        "type": "individual",
        "url": "https://github.com/sponsors/limonte"
      }
    }
  },
  "dependencies": {
    "font-awesome": {
      "version": "4.7.0",
      "resolved": "https://registry.npmjs.org/font-awesome/-/font-awesome-4.7.0.tgz",
      "integrity": "sha512-U6kGnykA/6bFmg1M/oT9EkFeIYv7JlX3bozwQJWiiLz6L0w3F5vBVPxHlwyX/vtNq1ckcpRKOB9f2Qal/VtFpg=="
    },
    "jquery": {
      "version": "3.6.3",
      "resolved": "https://registry.npmjs.org/jquery/-/jquery-3.6.3.tgz",
      "integrity": "sha512-bZ5Sy3YzKo9Fyc8wH2iIQK4JImJ6R0GWI9kL1/k7Z91ZBNgkRXE6U0JfHIizZbort8ZunhSI3jw9I6253ahKfg=="
    },
    "jquery-zoom": {
      "version": "1.7.21",
      "resolved": "https://registry.npmjs.org/jquery-zoom/-/jquery-zoom-1.7.21.tgz",
      "integrity": "sha512-C3aDEt0c4TkPrOPqIs5VAOwBMgitf1I7jEakO15G3QfxdVEivBvUlkiCjfcGQM+FyXdvshpbiEJKDbEdPz2/pw==",
      "requires": {
        "jquery": ">=1.7"
      }
    },
    "jquery.nice-number": {
      "version": "2.1.0",
      "resolved": "https://registry.npmjs.org/jquery.nice-number/-/jquery.nice-number-2.1.0.tgz",
      "integrity": "sha512-efHzIvVTMmZXsKubYsQfFFmmGUSCiO52b1bTigYyOzZuN43Kf6SXlnSYklWdotGXaXCEqBDFlnH0Yp94sQhaWw==",
      "requires": {
        "jquery": "^3.4.1"
      }
    },
    "sweetalert2": {
      "version": "11.7.1",
      "resolved": "https://registry.npmjs.org/sweetalert2/-/sweetalert2-11.7.1.tgz",
      "integrity": "sha512-+1bnkbqBl64FnZmi3g4SzAi4F3pL3S2jF1YQvrysv4GbgizfeFqGkJopxR3FnV/eJm6w2SQ2oAmCxSIBjgP/ag=="
    }
  }
}
